
Microsoft Visual Studio Solution File, Format Version 12.00
# Visual Studio 15
VisualStudioVersion = 15.0.28010.2019
MinimumVisualStudioVersion = 10.0.40219.1
Project("{FAE04EC0-301F-11D3-BF4B-00C04F79EFBC}") = "BoardGameGeekClientAPI", "BoardGameGeekClientAPI.csproj", "{F1E44E1E-1B29-4ED3-9E79-0B8E63B1D46C}"
EndProject
Global
	GlobalSection(SolutionConfigurationPlatforms) = preSolution
		Debug|Any CPU = Debug|Any CPU
		Release|Any CPU = Release|Any CPU
	EndGlobalSection
	GlobalSection(ProjectConfigurationPlatforms) = postSolution
		{F1E44E1E-1B29-4ED3-9E79-0B8E63B1D46C}.Debug|Any CPU.ActiveCfg = Debug|Any CPU
		{F1E44E1E-1B29-4ED3-9E79-0B8E63B1D46C}.Debug|Any CPU.Build.0 = Debug|Any CPU
		{F1E44E1E-1B29-4ED3-9E79-0B8E63B1D46C}.Release|Any CPU.ActiveCfg = Release|Any CPU
		{F1E44E1E-1B29-4ED3-9E79-0B8E63B1D46C}.Release|Any CPU.Build.0 = Release|Any CPU
	EndGlobalSection
	GlobalSection(SolutionProperties) = preSolution
		HideSolutionNode = FALSE
	EndGlobalSection
	GlobalSection(ExtensibilityGlobals) = postSolution
		SolutionGuid = {009C9F3F-48D0-4EF8-847C-498AB38665A2}
	EndGlobalSection
EndGlobal
